
Microsoft Visual Studio Solution File, Format Version 12.00
# Visual Studio 2012
Project("{FAE04EC0-301F-11D3-BF4B-00C04F79EFBC}") = "SerializationBasicExamples", "SerializationBasicExamples\SerializationBasicExamples.csproj", "{A890F392-61F9-40B0-81AC-1C79C9049D7F}"
EndProject
Global
	GlobalSection(SolutionConfigurationPlatforms) = preSolution
		Debug|Any CPU = Debug|Any CPU
		Release|Any CPU = Release|Any CPU
	EndGlobalSection
	GlobalSection(ProjectConfigurationPlatforms) = postSolution
		{A890F392-61F9-40B0-81AC-1C79C9049D7F}.Debug|Any CPU.ActiveCfg = Debug|Any CPU
		{A890F392-61F9-40B0-81AC-1C79C9049D7F}.Debug|Any CPU.Build.0 = Debug|Any CPU
		{A890F392-61F9-40B0-81AC-1C79C9049D7F}.Release|Any CPU.ActiveCfg = Release|Any CPU
		{A890F392-61F9-40B0-81AC-1C79C9049D7F}.Release|Any CPU.Build.0 = Release|Any CPU
	EndGlobalSection
	GlobalSection(SolutionProperties) = preSolution
		HideSolutionNode = FALSE
	EndGlobalSection
EndGlobal
